github.com/google/uuid v1.3.0 h1:t6JiXgmwXMjEs8VusXIJk2BXHsn+wx8BZdTaoZ5fu7I=
github.com/google/uuid v1.3.0/go.mod h1:TIyPZe4MgqvfeYDBFedMoGGpEw/LqOeaOT+nhxU+yHo=
github.com/hnlq715/golang-lru v0.3.1 h1:Dau3lyBt7QKR4ASQCPZxmRfOvthOS+3QDTCd7aTxyrQ=
github.com/hnlq715/golang-lru v0.3.1/go.mod h1:RBkgDAtlu0SgTPvpb4VW2/RQnkCBMRD3Lr6B9RhsAS8=
